
Microsoft Visual Studio Solution File, Format Version 12.00
# Visual Studio Version 17
VisualStudioVersion = 17.14.36408.4 d17.14
MinimumVisualStudioVersion = 10.0.40219.1
Project("{FAE04EC0-301F-11D3-BF4B-00C04F79EFBC}") = "DVLD_PresentationLayer", "DVLD_PresentationLayer.csproj", "{FD402A3E-C86D-47C0-9E15-AC92F086F8D1}"
EndProject
Project("{FAE04EC0-301F-11D3-BF4B-00C04F79EFBC}") = "DVLD_DataAccessLayer", "..\PeopleDataAccessLayer\DVLD_DataAccessLayer.csproj", "{C0BC9FD6-D60D-4BD5-94CD-468176B158DA}"
EndProject
Project("{FAE04EC0-301F-11D3-BF4B-00C04F79EFBC}") = "DVLD_BusinessLogicLayer", "..\DVLD_BusinessLogicLayer\DVLD_BusinessLogicLayer.csproj", "{A2F2B785-0686-4C30-83DC-3D2626940B9D}"
EndProject
Global
	GlobalSection(SolutionConfigurationPlatforms) = preSolution
		Debug|Any CPU = Debug|Any CPU
		Release|Any CPU = Release|Any CPU
	EndGlobalSection
	GlobalSection(ProjectConfigurationPlatforms) = postSolution
		{FD402A3E-C86D-47C0-9E15-AC92F086F8D1}.Debug|Any CPU.ActiveCfg = Debug|Any CPU
		{FD402A3E-C86D-47C0-9E15-AC92F086F8D1}.Debug|Any CPU.Build.0 = Debug|Any CPU
		{FD402A3E-C86D-47C0-9E15-AC92F086F8D1}.Release|Any CPU.ActiveCfg = Release|Any CPU
		{FD402A3E-C86D-47C0-9E15-AC92F086F8D1}.Release|Any CPU.Build.0 = Release|Any CPU
		{C0BC9FD6-D60D-4BD5-94CD-468176B158DA}.Debug|Any CPU.ActiveCfg = Debug|Any CPU
		{C0BC9FD6-D60D-4BD5-94CD-468176B158DA}.Debug|Any CPU.Build.0 = Debug|Any CPU
		{C0BC9FD6-D60D-4BD5-94CD-468176B158DA}.Release|Any CPU.ActiveCfg = Release|Any CPU
		{C0BC9FD6-D60D-4BD5-94CD-468176B158DA}.Release|Any CPU.Build.0 = Release|Any CPU
		{A2F2B785-0686-4C30-83DC-3D2626940B9D}.Debug|Any CPU.ActiveCfg = Debug|Any CPU
		{A2F2B785-0686-4C30-83DC-3D2626940B9D}.Debug|Any CPU.Build.0 = Debug|Any CPU
		{A2F2B785-0686-4C30-83DC-3D2626940B9D}.Release|Any CPU.ActiveCfg = Release|Any CPU
		{A2F2B785-0686-4C30-83DC-3D2626940B9D}.Release|Any CPU.Build.0 = Release|Any CPU
	EndGlobalSection
	GlobalSection(SolutionProperties) = preSolution
		HideSolutionNode = FALSE
	EndGlobalSection
	GlobalSection(ExtensibilityGlobals) = postSolution
		SolutionGuid = {E4B52D17-5550-431C-A8FB-BA0C42FF0E8C}
	EndGlobalSection
EndGlobal
